capabilities:
  design/frontend-design:
    provenance_digest: sha256:deaed39f016b0f6ccff737badabd1ef4d70e6fceb56b1da3da965cba295c1fea
    sources:
      upstream:
        path: skills/frontend-design
        repository: anthropics/skills
        requested:
          ref: 2235be7c60b551f5de82ade908fd3816455afcda
          type: commit
        resolved:
          body_checksum: sha256:0df36fd5b075c15a2948a233edfb5ada7ffe34309ada32b2fd6d248522a4e9a7
          commit: 2235be7c60b551f5de82ade908fd3816455afcda
          content_checksum: sha256:dbb4416cd94f48aed1cca88f657997abbe96627be1bbee41f1b4d071d0fa6cba
          license:
            checksum: sha256:0d542e0c8804e39aa7f37eb00da5a762149dc682d7829451287e11b938e94594
            source_path: skills/design/frontend-design/LICENSE.txt
            spdx: Apache-2.0
          resolved_at: '2026-08-31T12:54:29.590499Z'
          version: 2235be7
  design/frontend-design-review:
    provenance_digest: sha256:43d02aa54a0d86752b526a920d653bfd26e4c7803e2a7459f7ca3188dff0bdb2
    sources:
      upstream:
        path: .github/skills/frontend-design-review
        repository: microsoft/skills
        requested:
          ref: cbfd1b6652debe08f9d329d713b382a1a0db2e3e
          type: commit
        resolved:
          body_checksum: sha256:13029dfb9274aac92db5869c5977ff4923af1f213ab9571cd4f0b701829c1a78
          commit: cbfd1b6652debe08f9d329d713b382a1a0db2e3e
          content_checksum: sha256:483a82fdec2ee2af31091fedf83113ed5dddde8072f7a3cc2e824c8365fff8a1
          license:
            checksum: sha256:d9a1b1e30d633d5732ea18e3cba9538d293ebc53e1a9e4e96ab739e0c5c4f1cb
            source_path: skills/design/frontend-design-review/LICENSE
            spdx: MIT
          resolved_at: '2026-08-31T12:54:29.590499Z'
          version: cbfd1b6
  design/web-design-guidelines:
    provenance_digest: sha256:8e27939e81ef6ef5870a8c541488d898919451ddc65531ea839aa05eec660360
    sources:
      rules:
        path: command.md
        repository: vercel-labs/web-interface-guidelines
        requested:
          ref: e3d624baaf29dc1fc645aff3e38f03e564d2d6b1
          type: commit
        resolved:
          body_checksum: sha256:5a775e6411f790f518dbc9c1fa7c50a89e6873502d9a3530a6eb223a590bcfe8
          commit: e3d624baaf29dc1fc645aff3e38f03e564d2d6b1
          content_checksum: sha256:5a775e6411f790f518dbc9c1fa7c50a89e6873502d9a3530a6eb223a590bcfe8
          license:
            checksum: sha256:6cd1609c9c12233507cdd2ce0d32e9a721e3c27494951be06b90090deeeb7af2
            source_path: skills/design/web-design-guidelines/references/LICENSE
            spdx: MIT
          resolved_at: '2026-08-26T00:22:55.556053Z'
      wrapper:
        path: skills/web-design-guidelines
        repository: vercel-labs/agent-skills
        requested:
          ref: ba46938889d4e58635362fb8f618e1178ac3ec46
          type: commit
        resolved:
          body_checksum: sha256:17d7239c9233292386c96805dd2182708e594b0a6bec9c385fb201b3e5977b3f
          commit: ba46938889d4e58635362fb8f618e1178ac3ec46
          content_checksum: sha256:8140e9d7a7e703cb156f1cf99b5bf62d74d505671a3ed01114908b61b2a55c09
          license:
            spdx: NOASSERTION
          resolved_at: '2026-08-31T12:54:29.590499Z'
          version: ba46938
  quality/blast-radius:
    provenance_digest: sha256:9544092db72820a44103b614ef29abf7d11d079d437765698c5b4d5d36f8b68c
    sources:
      upstream:
        path: pstack/skills/blast-radius
        repository: cursor/plugins
        requested:
          ref: e46364b8be46000b7df0f260550cd712afbb8d36
          type: commit
        resolved:
          body_checksum: sha256:d52283c3ef18003fd7927fc31b0f88389b396cbcb93aefc846b00d570cf90a9c
          commit: e46364b8be46000b7df0f260550cd712afbb8d36
          content_checksum: sha256:8a0ee99321741f511fd48e713ed464c0e0ea82a3130340d7b70ddb945f53efd2
          license:
            checksum: sha256:bc957ca6bee02792566a1a028d105e02e247c6e77cf057061674273da77b200e
            source_path: skills/quality/blast-radius/LICENSE
            spdx: MIT
          resolved_at: '2026-08-31T12:54:29.590499Z'
          version: e46364b
  quality/deslop:
    provenance_digest: sha256:0b7b364a670a5cb81ed30790faead5d43e9fadf0c8ba472f56a0dcde3383887b
    sources:
      upstream:
        path: cursor-team-kit/skills/deslop
        repository: cursor/plugins
        requested:
          ref: b21ab167c8d6aad6e4d91bc0de429eedd49665ed
          type: commit
        resolved:
          body_checksum: sha256:d40e71977da3326f996903185a7337c40ec00a38dde68db96603d9cef5f891b3
          commit: b21ab167c8d6aad6e4d91bc0de429eedd49665ed
          content_checksum: sha256:29089f45390a7472a714c8ec5968d621489affcb4c568d22bb388ea9e1a04b50
          license:
            checksum: sha256:702f5f331b56aff0e33d8c7826df5202559f894145eb70355c6477b55b5bb8a0
            source_path: skills/quality/deslop/LICENSE
            spdx: MIT
          resolved_at: '2026-08-31T12:54:29.590499Z'
          version: b21ab16
  quality/megalinter:
    provenance_digest: sha256:8b16ee6b8b06d23c052b473cd5fee724b51e245891a276912b9a522b4be21ca4
    sources:
      orchestrator:
        path: skills/megalinter
        repository: oxsecurity/megalinter
        requested:
          ref: v10.0.0
          type: tag
        resolved:
          body_checksum: sha256:ccf08325b78ee5208938b16904269fab7310a373f2c24dcf13464441ed18fa0d
          commit: 15e5b45552097e318c93de385779ce3b1084052c
          content_checksum: sha256:4f7382fafee6b6dd634b8cbeb297d325c730fdb06734dfe8735b97a92feb4921
          license:
            checksum: sha256:0d96a4ff68ad6d4b6f1f30f713b18d5184912ba8dd389f86aa7710db079abcb0
            source_path: skills/quality/megalinter/LICENSE
            spdx: AGPL-3.0
          resolved_at: '2026-08-14T18:56:03.313181Z'
          version: v10.0.0
  quality/megalinter-check:
    provenance_digest: sha256:97d6d7aae49cce61bf82c11ab768c0b471ff19a45aa6eb550905a8d6424f2c62
    sources:
      check:
        path: skills/megalinter-check
        repository: oxsecurity/megalinter
        requested:
          ref: v10.0.0
          type: tag
        resolved:
          body_checksum: sha256:431e8b0540930dd21ceae6c9a4cdecf601c5659ce33acc47fc4062ce532cbb1f
          commit: 15e5b45552097e318c93de385779ce3b1084052c
          content_checksum: sha256:9cf3f48b752441e9c9871346a17f2d756c478d887ebd24354d486d7713b10f15
          license:
            checksum: sha256:0d96a4ff68ad6d4b6f1f30f713b18d5184912ba8dd389f86aa7710db079abcb0
            source_path: skills/quality/megalinter-check/LICENSE
            spdx: AGPL-3.0
          resolved_at: '2026-08-14T18:56:03.313181Z'
          version: v10.0.0
  quality/megalinter-fix:
    provenance_digest: sha256:94613e9a4254b92a8f8fe16ca0cec93c8df1be7051c89c58713c6012aa89aa65
    sources:
      fix:
        path: skills/megalinter-fix
        repository: oxsecurity/megalinter
        requested:
          ref: v10.0.0
          type: tag
        resolved:
          body_checksum: sha256:29f117edfd6c9d1183c8e7b42e8faa1a6e2913fd3603ca1d90d4b90d05eb74be
          commit: 15e5b45552097e318c93de385779ce3b1084052c
          content_checksum: sha256:6e98390309aa260edc212aeaf1685699e5b1d71d83c24e308b569279b6cd44c1
          license:
            checksum: sha256:0d96a4ff68ad6d4b6f1f30f713b18d5184912ba8dd389f86aa7710db079abcb0
            source_path: skills/quality/megalinter-fix/LICENSE
            spdx: AGPL-3.0
          resolved_at: '2026-08-14T18:56:03.313181Z'
          version: v10.0.0
  quality/megalinter-setup:
    provenance_digest: sha256:e0a6d7e0fe28b92c342cd15cdf80e316c92e08cbb858685171b93a4ba4f09e71
    sources:
      setup:
        path: skills/megalinter-setup
        repository: oxsecurity/megalinter
        requested:
          ref: v10.0.0
          type: tag
        resolved:
          body_checksum: sha256:cd56c6291f261fd21df8a34671158644492e942a0000cc9e87284648a5362306
          commit: 15e5b45552097e318c93de385779ce3b1084052c
          content_checksum: sha256:efc32ea277f7ef6dadb470cb14b13115a719eef98669a79db6eed08bc0576e06
          license:
            checksum: sha256:0d96a4ff68ad6d4b6f1f30f713b18d5184912ba8dd389f86aa7710db079abcb0
            source_path: skills/quality/megalinter-setup/LICENSE
            spdx: AGPL-3.0
          resolved_at: '2026-08-14T18:56:03.313181Z'
          version: v10.0.0
  quality/unslop:
    provenance_digest: sha256:ace4b7a3af381a87b588aca54b7f62d85bcc79f89257ad37f2f07988979c8295
    sources:
      upstream:
        path: pstack/skills/unslop
        repository: cursor/plugins
        requested:
          ref: 99559f2f52047978602ef365589275831e76af07
          type: commit
        resolved:
          body_checksum: sha256:6003a6a58d0c47a105256f5f0a225703574aa8ecfc404aed8757a6fcae3d97c1
          commit: 99559f2f52047978602ef365589275831e76af07
          content_checksum: sha256:afb8a7ee1aff94873dff892fa00c0b61f0e2a31d56c17562e6c082749883c462
          license:
            checksum: sha256:bc957ca6bee02792566a1a028d105e02e247c6e77cf057061674273da77b200e
            source_path: skills/quality/unslop/LICENSE
            spdx: MIT
          resolved_at: '2026-08-31T12:54:29.590499Z'
          version: 99559f2
  tooling/cli-for-agents:
    provenance_digest: sha256:a16b391d7353b2f41840a0c155336c4ac0096392490fd203b1eef3fee587cdb0
    sources:
      upstream:
        path: cli-for-agent/skills/cli-for-agents
        repository: cursor/plugins
        requested:
          ref: 26a1497493298e36d8bf39208a57bb59252a811e
          type: commit
        resolved:
          body_checksum: sha256:ba559d5f67ab0ea98d5d2668581ebadba3d160cc96fda0e6a3ad1f13bd8c0b60
          commit: 26a1497493298e36d8bf39208a57bb59252a811e
          content_checksum: sha256:c6679ca84ff0aecda79a72f1381e376b7b9f211a02561246a6a8c68b68a3efc4
          license:
            checksum: sha256:702f5f331b56aff0e33d8c7826df5202559f894145eb70355c6477b55b5bb8a0
            source_path: skills/tooling/cli-for-agents/LICENSE
            spdx: MIT
          resolved_at: '2026-08-31T12:54:29.590499Z'
          version: 26a1497
version: 2
